<Solution>
  <Folder Name="/src/">
    <Project Path="src/ATS.API/ATS.API.csproj" />
    <Project Path="src/ATS.Application/ATS.Application.csproj" />
    <Project Path="src/ATS.Contracts/ATS.Contracts.csproj" />
    <Project Path="src/ATS.Domain/ATS.Domain.csproj" />
    <Project Path="src/ATS.Infrastructure/ATS.Infrastructure.csproj" />
  </Folder>
  <Folder Name="/tests/">
    <Project Path="tests/ATS.UnitTests/ATS.UnitTests.csproj" Id="229d202f-80ec-459c-b843-54d2cb0516ea" />
  </Folder>
</Solution>
